{
  "name": "learning-app",
  "version": "1.0.0",
  "lockfileVersion": 1,
  "requires": true,
  "dependencies": {
    "ibm-may-fifth-greet": {
      "version": "1.0.0",
      "resolved": "https://registry.npmjs.org/ibm-may-fifth-greet/-/ibm-may-fifth-greet-1.0.0.tgz",
      "integrity": "sha512-kPUCXzabkIzaoYLmTNjsoCkC64jPYfk62+BykCF99LuTLveDkFtW1OdIIkA6728nAyLP/ZhcoInIacA3A9G1Tg=="
    }
  }
}
